// !$*UTF8*$!
{
	archiveVersion = 1;
	classes = {
	};
	objectVersion = 50;
	objects = {

/* Begin PBXBuildFile section */
		F265AC722485A04900EC1989 /* AppDelegate.swift in Sources */ = {isa = PBXBuildFile; fileRef = F265AC712485A04900EC1989 /* AppDelegate.swift */; };
		F265AC742485A04900EC1989 /* SceneDelegate.swift in Sources */ = {isa = PBXBuildFile; fileRef = F265AC732485A04900EC1989 /* SceneDelegate.swift */; };
		F265AC762485A04900EC1989 /* ViewController.swift in Sources */ = {isa = PBXBuildFile; fileRef = F265AC752485A04900EC1989 /* ViewController.swift */; };
		F265AC792485A04900EC1989 /* Main.storyboard in Resources */ = {isa = PBXBuildFile; fileRef = F265AC772485A04900EC1989 /* Main.storyboard */; };
		F265AC7C2485A04900EC1989 /* Whitehouse_Petitions.xcdatamodeld in Sources */ = {isa = PBXBuildFile; fileRef = F265AC7A2485A04900EC1989 /* Whitehouse_Petitions.xcdatamodeld */; };
		F265AC7E2485A04A00EC1989 /* Assets.xcassets in Resources */ = {isa = PBXBuildFile; fileRef = F265AC7D2485A04A00EC1989 /* Assets.xcassets */; };
		F265AC812485A04A00EC1989 /* LaunchScreen.storyboard in Resources */ = {isa = PBXBuildFile; fileRef = F265AC7F2485A04A00EC1989 /* LaunchScreen.storyboard */; };
/* End PBXBuildFile section */

/* Begin PBXFileReference section */
		F265AC6E2485A04900EC1989 /* Whitehouse Petitions.app */ = {isa = PBXFileReference; explicitFileType = wrapper.application; includeInIndex = 0; path = "Whitehouse Petitions.app"; sourceTree = BUILT_PRODUCTS_DIR; };
		F265AC712485A04900EC1989 /* AppDelegate.swift */ = {isa = PBXFileReference; lastKnownFileType = sourcecode.swift; path = AppDelegate.swift; sourceTree = "<group>"; };
		F265AC732485A04900EC1989 /* SceneDelegate.swift */ = {isa = PBXFileReference; lastKnownFileType = sourcecode.swift; path = SceneDelegate.swift; sourceTree = "<group>"; };
		F265AC752485A04900EC1989 /* ViewController.swift */ = {isa = PBXFileReference; lastKnownFileType = sourcecode.swift; path = ViewController.swift; sourceTree = "<group>"; };
		F265AC782485A04900EC1989 /* Base */ = {isa = PBXFileReference; lastKnownFileType = file.storyboard; name = Base; path = Base.lproj/Main.storyboard; sourceTree = "<group>"; };
		F265AC7B2485A04900EC1989 /* Whitehouse_Petitions.xcdatamodel */ = {isa = PBXFileReference; lastKnownFileType = wrapper.xcdatamodel; path = Whitehouse_Petitions.xcdatamodel; sourceTree = "<group>"; };
		F265AC7D2485A04A00EC1989 /* Assets.xcassets */ = {isa = PBXFileReference; lastKnownFileType = folder.assetcatalog; path = Assets.xcassets; sourceTree = "<group>"; };
		F265AC802485A04A00EC1989 /* Base */ = {isa = PBXFileReference; lastKnownFileType = file.storyboard; name = Base; path = Base.lproj/LaunchScreen.storyboard; sourceTree = "<group>"; };
		F265AC822485A04A00EC1989 /* Info.plist */ = {isa = PBXFileReference; lastKnownFileType = text.plist.xml; path = Info.plist; sourceTree = "<group>"; };
/* End PBXFileReference section */

/* Begin PBXFrameworksBuildPhase section */
		F265AC6B2485A04900EC1989 /* Frameworks */ = {
			isa = PBXFrameworksBuildPhase;
			buildActionMask = 2147483647;
			files = (
			);
			runOnlyForDeploymentPostprocessing = 0;
		};
/* End PBXFrameworksBuildPhase section */

/* Begin PBXGroup section */
		F265AC652485A04900EC1989 = {
			isa = PBXGroup;
			children = (
				F265AC702485A04900EC1989 /* Whitehouse Petitions */,
				F265AC6F2485A04900EC1989 /* Products */,
			);
			sourceTree = "<group>";
		};
		F265AC6F2485A04900EC1989 /* Products */ = {
			isa = PBXGroup;
			children = (
				F265AC6E2485A04900EC1989 /* Whitehouse Petitions.app */,
			);
			name = Products;
			sourceTree = "<group>";
		};
		F265AC702485A04900EC1989 /* Whitehouse Petitions */ = {
			isa = PBXGroup;
			children = (
				F265AC712485A04900EC1989 /* AppDelegate.swift */,
				F265AC732485A04900EC1989 /* SceneDelegate.swift */,
				F265AC752485A04900EC1989 /* ViewController.swift */,
				F265AC772485A04900EC1989 /* Main.storyboard */,
				F265AC7D2485A04A00EC1989 /* Assets.xcassets */,
				F265AC7F2485A04A00EC1989 /* LaunchScreen.storyboard */,
				F265AC822485A04A00EC1989 /* Info.plist */,
				F265AC7A2485A04900EC1989 /* Whitehouse_Petitions.xcdatamodeld */,
			);
			path = "Whitehouse Petitions";
			sourceTree = "<group>";
		};
/* End PBXGroup section */

/* Begin PBXNativeTarget section */
		F265AC6D2485A04900EC1989 /* Whitehouse Petitions */ = {
			isa = PBXNativeTarget;
			buildConfigurationList = F265AC852485A04A00EC1989 /* Build configuration list for PBXNativeTarget "Whitehouse Petitions" */;
			buildPhases = (
				F265AC6A2485A04900EC1989 /* Sources */,
				F265AC6B2485A04900EC1989 /* Frameworks */,
				F265AC6C2485A04900EC1989 /* Resources */,
			);
			buildRules = (
			);
			dependencies = (
			);
			name = "Whitehouse Petitions";
			productName = "Whitehouse Petitions";
			productReference = F265AC6E2485A04900EC1989 /* Whitehouse Petitions.app */;
			productType = "com.apple.product-type.application";
		};
/* End PBXNativeTarget section */

/* Begin PBXProject section */
		F265AC662485A04900EC1989 /* Project object */ = {
			isa = PBXProject;
			attributes = {
				LastSwiftUpdateCheck = 1150;
				LastUpgradeCheck = 1150;
				ORGANIZATIONNAME = "Farhana Mustafa";
				TargetAttributes = {
					F265AC6D2485A04900EC1989 = {
						CreatedOnToolsVersion = 11.5;
					};
				};
			};
			buildConfigurationList = F265AC692485A04900EC1989 /* Build configuration list for PBXProject "Whitehouse Petitions" */;
			compatibilityVersion = "Xcode 9.3";
			developmentRegion = en;
			hasScannedForEncodings = 0;
			knownRegions = (
				en,
				Base,
			);
			mainGroup = F265AC652485A04900EC1989;
			productRefGroup = F265AC6F2485A04900EC1989 /* Products */;
			projectDirPath = "";
			projectRoot = "";
			targets = (
				F265AC6D2485A04900EC1989 /* Whitehouse Petitions */,
			);
		};
/* End PBXProject section */

/* Begin PBXResourcesBuildPhase section */
		F265AC6C2485A04900EC1989 /* Resources */ = {
			isa = PBXResourcesBuildPhase;
			buildActionMask = 2147483647;
			files = (
				F265AC812485A04A00EC1989 /* LaunchScreen.storyboard in Resources */,
				F265AC7E2485A04A00EC1989 /* Assets.xcassets in Resources */,
				F265AC792485A04900EC1989 /* Main.storyboard in Resources */,
			);
			runOnlyForDeploymentPostprocessing = 0;
		};
/* End PBXResourcesBuildPhase section */

/* Begin PBXSourcesBuildPhase section */
		F265AC6A2485A04900EC1989 /* Sources */ = {
			isa = PBXSourcesBuildPhase;
			buildActionMask = 2147483647;
			files = (
				F265AC7C2485A04900EC1989 /* Whitehouse_Petitions.xcdatamodeld in Sources */,
				F265AC762485A04900EC1989 /* ViewController.swift in Sources */,
				F265AC722485A04900EC1989 /* AppDelegate.swift in Sources */,
				F265AC742485A04900EC1989 /* SceneDelegate.swift in Sources */,
			);
			runOnlyForDeploymentPostprocessing = 0;
		};
/* End PBXSourcesBuildPhase section */

/* Begin PBXVariantGroup section */
		F265AC772485A04900EC1989 /* Main.storyboard */ = {
			isa = PBXVariantGroup;
			children = (
				F265AC782485A04900EC1989 /* Base */,
			);
			name = Main.storyboard;
			sourceTree = "<group>";
		};
		F265AC7F2485A04A00EC1989 /* LaunchScreen.storyboard */ = {
			isa = PBXVariantGroup;
			children = (
				F265AC802485A04A00EC1989 /* Base */,
			);
			name = LaunchScreen.storyboard;
			sourceTree = "<group>";
		};
/* End PBXVariantGroup section */

/* Begin XCBuildConfiguration section */
		F265AC832485A04A00EC1989 /* Debug */ = {
			isa = XCBuildConfiguration;
			buildSettings = {
				ALWAYS_SEARCH_USER_PATHS = NO;
				CLANG_ANALYZER_NONNULL = YES;
				CLANG_ANALYZER_NUMBER_OBJECT_CONVERSION = YES_AGGRESSIVE;
				CLANG_CXX_LANGUAGE_STANDARD = "gnu++14";
				CLANG_CXX_LIBRARY = "libc++";
				CLANG_ENABLE_MODULES = YES;
				CLANG_ENABLE_OBJC_ARC = YES;
				CLANG_ENABLE_OBJC_WEAK = YES;
				CLANG_WARN_BLOCK_CAPTURE_AUTORELEASING = YES;
				CLANG_WARN_BOOL_CONVERSION = YES;
				CLANG_WARN_COMMA = YES;
				CLANG_WARN_CONSTANT_CONVERSION = YES;
				CLANG_WARN_DEPRECATED_OBJC_IMPLEMENTATIONS = YES;
				CLANG_WARN_DIRECT_OBJC_ISA_USAGE = YES_ERROR;
				CLANG_WARN_DOCUMENTATION_COMMENTS = YES;
				CLANG_WARN_EMPTY_BODY = YES;
				CLANG_WARN_ENUM_CONVERSION = YES;
				CLANG_WARN_INFINITE_RECURSION = YES;
				CLANG_WARN_INT_CONVERSION = YES;
				CLANG_WARN_NON_LITERAL_NULL_CONVERSION = YES;
				CLANG_WARN_OBJC_IMPLICIT_RETAIN_SELF = YES;
				CLANG_WARN_OBJC_LITERAL_CONVERSION = YES;
				CLANG_WARN_OBJC_ROOT_CLASS = YES_ERROR;
				CLANG_WARN_RANGE_LOOP_ANALYSIS = YES;
				CLANG_WARN_STRICT_PROTOTYPES = YES;
				CLANG_WARN_SUSPICIOUS_MOVE = YES;
				CLANG_WARN_UNGUARDED_AVAILABILITY = YES_AGGRESSIVE;
				CLANG_WARN_UNREACHABLE_CODE = YES;
				CLANG_WARN__DUPLICATE_METHOD_MATCH = YES;
				COPY_PHASE_STRIP = NO;
				DEBUG_INFORMATION_FORMAT = dwarf;
				ENABLE_STRICT_OBJC_MSGSEND = YES;
				ENABLE_TESTABILITY = YES;
				GCC_C_LANGUAGE_STANDARD = gnu11;
				GCC_DYNAMIC_NO_PIC = NO;
				GCC_NO_COMMON_BLOCKS = YES;
				GCC_OPTIMIZATION_LEVEL = 0;
				GCC_PREPROCESSOR_DEFINITIONS = (
					"DEBUG=1",
					"$(inherited)",
				);
				GCC_WARN_64_TO_32_BIT_CONVERSION = YES;
				GCC_WARN_ABOUT_RETURN_TYPE = YES_ERROR;
				GCC_WARN_UNDECLARED_SELECTOR = YES;
				GCC_WARN_UNINITIALIZED_AUTOS = YES_AGGRESSIVE;
				GCC_WARN_UNUSED_FUNCTION = YES;
				GCC_WARN_UNUSED_VARIABLE = YES;
				IPHONEOS_DEPLOYMENT_TARGET = 13.5;
				MTL_ENABLE_DEBUG_INFO = INCLUDE_SOURCE;
				MTL_FAST_MATH = YES;
				ONLY_ACTIVE_ARCH = YES;
				SDKROOT = iphoneos;
				SWIFT_ACTIVE_COMPILATION_CONDITIONS = DEBUG;
				SWIFT_OPTIMIZATION_LEVEL = "-Onone";
			};
			name = Debug;
		};
		F265AC842485A04A00EC1989 /* Release */ = {
			isa = XCBuildConfiguration;
			buildSettings = {
				ALWAYS_SEARCH_USER_PATHS = NO;
				CLANG_ANALYZER_NONNULL = YES;
				CLANG_ANALYZER_NUMBER_OBJECT_CONVERSION = YES_AGGRESSIVE;
				CLANG_CXX_LANGUAGE_STANDARD = "gnu++14";
				CLANG_CXX_LIBRARY = "libc++";
				CLANG_ENABLE_MODULES = YES;
				CLANG_ENABLE_OBJC_ARC = YES;
				CLANG_ENABLE_OBJC_WEAK = YES;
				CLANG_WARN_BLOCK_CAPTURE_AUTORELEASING = YES;
				CLANG_WARN_BOOL_CONVERSION = YES;
				CLANG_WARN_COMMA = YES;
				CLANG_WARN_CONSTANT_CONVERSION = YES;
				CLANG_WARN_DEPRECATED_OBJC_IMPLEMENTATIONS = YES;
				CLANG_WARN_DIRECT_OBJC_ISA_USAGE = YES_ERROR;
				CLANG_WARN_DOCUMENTATION_COMMENTS = YES;
				CLANG_WARN_EMPTY_BODY = YES;
				CLANG_WARN_ENUM_CONVERSION = YES;
				CLANG_WARN_INFINITE_RECURSION = YES;
				CLANG_WARN_INT_CONVERSION = YES;
				CLANG_WARN_NON_LITERAL_NULL_CONVERSION = YES;
				CLANG_WARN_OBJC_IMPLICIT_RETAIN_SELF = YES;
				CLANG_WARN_OBJC_LITERAL_CONVERSION = YES;
				CLANG_WARN_OBJC_ROOT_CLASS = YES_ERROR;
				CLANG_WARN_RANGE_LOOP_ANALYSIS = YES;
				CLANG_WARN_STRICT_PROTOTYPES = YES;
				CLANG_WARN_SUSPICIOUS_MOVE = YES;
				CLANG_WARN_UNGUARDED_AVAILABILITY = YES_AGGRESSIVE;
				CLANG_WARN_UNREACHABLE_CODE = YES;
				CLANG_WARN__DUPLICATE_METHOD_MATCH = YES;
				COPY_PHASE_STRIP = NO;
				DEBUG_INFORMATION_FORMAT = "dwarf-with-dsym";
				ENABLE_NS_ASSERTIONS = NO;
				ENABLE_STRICT_OBJC_MSGSEND = YES;
				GCC_C_LANGUAGE_STANDARD = gnu11;
				GCC_NO_COMMON_BLOCKS = YES;
				GCC_WARN_64_TO_32_BIT_CONVERSION = YES;
				GCC_WARN_ABOUT_RETURN_TYPE = YES_ERROR;
				GCC_WARN_UNDECLARED_SELECTOR = YES;
				GCC_WARN_UNINITIALIZED_AUTOS = YES_AGGRESSIVE;
				GCC_WARN_UNUSED_FUNCTION = YES;
				GCC_WARN_UNUSED_VARIABLE = YES;
				IPHONEOS_DEPLOYMENT_TARGET = 13.5;
				MTL_ENABLE_DEBUG_INFO = NO;
				MTL_FAST_MATH = YES;
				SDKROOT = iphoneos;
				SWIFT_COMPILATION_MODE = wholemodule;
				SWIFT_OPTIMIZATION_LEVEL = "-O";
				VALIDATE_PRODUCT = YES;
			};
			name = Release;
		};
		F265AC862485A04A00EC1989 /* Debug */ = {
			isa = XCBuildConfiguration;
			buildSettings = {
				ASSETCATALOG_COMPILER_APPICON_NAME = AppIcon;
				CODE_SIGN_STYLE = Automatic;
				INFOPLIST_FILE = "Whitehouse Petitions/Info.plist";
				LD_RUNPATH_SEARCH_PATHS = (
					"$(inherited)",
					"@executable_path/Frameworks",
				);
				PRODUCT_BUNDLE_IDENTIFIER = "com.example.Whitehouse-Petitions";
				PRODUCT_NAME = "$(TARGET_NAME)";
				SWIFT_VERSION = 5.0;
				TARGETED_DEVICE_FAMILY = "1,2";
			};
			name = Debug;
		};
		F265AC872485A04A00EC1989 /* Release */ = {
			isa = XCBuildConfiguration;
			buildSettings = {
				ASSETCATALOG_COMPILER_APPICON_NAME = AppIcon;
				CODE_SIGN_STYLE = Automatic;
				INFOPLIST_FILE = "Whitehouse Petitions/Info.plist";
				LD_RUNPATH_SEARCH_PATHS = (
					"$(inherited)",
					"@executable_path/Frameworks",
				);
				PRODUCT_BUNDLE_IDENTIFIER = "com.example.Whitehouse-Petitions";
				PRODUCT_NAME = "$(TARGET_NAME)";
				SWIFT_VERSION = 5.0;
				TARGETED_DEVICE_FAMILY = "1,2";
			};
			name = Release;
		};
/* End XCBuildConfiguration section */

/* Begin XCConfigurationList section */
		F265AC692485A04900EC1989 /* Build configuration list for PBXProject "Whitehouse Petitions" */ = {
			isa = XCConfigurationList;
			buildConfigurations = (
				F265AC832485A04A00EC1989 /* Debug */,
				F265AC842485A04A00EC1989 /* Release */,
			);
			defaultConfigurationIsVisible = 0;
			defaultConfigurationName = Release;
		};
		F265AC852485A04A00EC1989 /* Build configuration list for PBXNativeTarget "Whitehouse Petitions" */ = {
			isa = XCConfigurationList;
			buildConfigurations = (
				F265AC862485A04A00EC1989 /* Debug */,
				F265AC872485A04A00EC1989 /* Release */,
			);
			defaultConfigurationIsVisible = 0;
			defaultConfigurationName = Release;
		};
/* End XCConfigurationList section */

/* Begin XCVersionGroup section */
		F265AC7A2485A04900EC1989 /* Whitehouse_Petitions.xcdatamodeld */ = {
			isa = XCVersionGroup;
			children = (
				F265AC7B2485A04900EC1989 /* Whitehouse_Petitions.xcdatamodel */,
			);
			currentVersion = F265AC7B2485A04900EC1989 /* Whitehouse_Petitions.xcdatamodel */;
			path = Whitehouse_Petitions.xcdatamodeld;
			sourceTree = "<group>";
			versionGroupType = wrapper.xcdatamodel;
		};
/* End XCVersionGroup section */
	};
	rootObject = F265AC662485A04900EC1989 /* Project object */;
}
